
Microsoft Visual Studio Solution File, Format Version 12.00
Project("{FAE04EC0-301F-11D3-BF4B-00C04F79EFBC}") = "BooleanSearch", "BooleanSearch.csproj", "{473E70AD-2B43-4CA2-8D94-C024344C2578}"
EndProject
Global
	GlobalSection(SolutionConfigurationPlatforms) = preSolution
		Debug|Any CPU = Debug|Any CPU
		Release|Any CPU = Release|Any CPU
	EndGlobalSection
	GlobalSection(ProjectConfigurationPlatforms) = postSolution
		{473E70AD-2B43-4CA2-8D94-C024344C2578}.Debug|Any CPU.ActiveCfg = Debug|Any CPU
		{473E70AD-2B43-4CA2-8D94-C024344C2578}.Debug|Any CPU.Build.0 = Debug|Any CPU
		{473E70AD-2B43-4CA2-8D94-C024344C2578}.Release|Any CPU.ActiveCfg = Release|Any CPU
		{473E70AD-2B43-4CA2-8D94-C024344C2578}.Release|Any CPU.Build.0 = Release|Any CPU
	EndGlobalSection
EndGlobal
